
Microsoft Visual Studio Solution File, Format Version 12.00
# Visual Studio Express 15 for Windows Desktop
VisualStudioVersion = 15.0.28307.168
MinimumVisualStudioVersion = 10.0.40219.1
Project("{8BC9CEB8-8B4A-11D0-8D11-00A0C91BC942}") = "CLRApp", "CLRApp\CLRApp.vcxproj", "{D06CE168-4633-4031-8835-3B14603809B5}"
EndProject
Project("{FAE04EC0-301F-11D3-BF4B-00C04F79EFBC}") = "CsLibrary", "CsLibrary\CsLibrary.csproj", "{712D5767-A8DC-4B03-B3E7-E5D8E1A805E9}"
EndProject
Global
	GlobalSection(SolutionConfigurationPlatforms) = preSolution
		Debug|Any CPU = Debug|Any CPU
		Debug|x64 = Debug|x64
		Debug|x86 = Debug|x86
		Release|Any CPU = Release|Any CPU
		Release|x64 = Release|x64
		Release|x86 = Release|x86
	EndGlobalSection
	GlobalSection(ProjectConfigurationPlatforms) = postSolution
		{D06CE168-4633-4031-8835-3B14603809B5}.Debug|Any CPU.ActiveCfg = Debug|Win32
		{D06CE168-4633-4031-8835-3B14603809B5}.Debug|x64.ActiveCfg = Debug|x64
		{D06CE168-4633-4031-8835-3B14603809B5}.Debug|x64.Build.0 = Debug|x64
		{D06CE168-4633-4031-8835-3B14603809B5}.Debug|x86.ActiveCfg = Debug|Win32
		{D06CE168-4633-4031-8835-3B14603809B5}.Debug|x86.Build.0 = Debug|Win32
		{D06CE168-4633-4031-8835-3B14603809B5}.Release|Any CPU.ActiveCfg = Release|Win32
		{D06CE168-4633-4031-8835-3B14603809B5}.Release|x64.ActiveCfg = Release|x64
		{D06CE168-4633-4031-8835-3B14603809B5}.Release|x64.Build.0 = Release|x64
		{D06CE168-4633-4031-8835-3B14603809B5}.Release|x86.ActiveCfg = Release|Win32
		{D06CE168-4633-4031-8835-3B14603809B5}.Release|x86.Build.0 = Release|Win32
		{712D5767-A8DC-4B03-B3E7-E5D8E1A805E9}.Debug|Any CPU.ActiveCfg = Debug|Any CPU
		{712D5767-A8DC-4B03-B3E7-E5D8E1A805E9}.Debug|Any CPU.Build.0 = Debug|Any CPU
		{712D5767-A8DC-4B03-B3E7-E5D8E1A805E9}.Debug|x64.ActiveCfg = Debug|Any CPU
		{712D5767-A8DC-4B03-B3E7-E5D8E1A805E9}.Debug|x64.Build.0 = Debug|Any CPU
		{712D5767-A8DC-4B03-B3E7-E5D8E1A805E9}.Debug|x86.ActiveCfg = Debug|Any CPU
		{712D5767-A8DC-4B03-B3E7-E5D8E1A805E9}.Debug|x86.Build.0 = Debug|Any CPU
		{712D5767-A8DC-4B03-B3E7-E5D8E1A805E9}.Release|Any CPU.ActiveCfg = Release|Any CPU
		{712D5767-A8DC-4B03-B3E7-E5D8E1A805E9}.Release|Any CPU.Build.0 = Release|Any CPU
		{712D5767-A8DC-4B03-B3E7-E5D8E1A805E9}.Release|x64.ActiveCfg = Release|Any CPU
		{712D5767-A8DC-4B03-B3E7-E5D8E1A805E9}.Release|x64.Build.0 = Release|Any CPU
		{712D5767-A8DC-4B03-B3E7-E5D8E1A805E9}.Release|x86.ActiveCfg = Release|Any CPU
		{712D5767-A8DC-4B03-B3E7-E5D8E1A805E9}.Release|x86.Build.0 = Release|Any CPU
	EndGlobalSection
	GlobalSection(SolutionProperties) = preSolution
		HideSolutionNode = FALSE
	EndGlobalSection
	GlobalSection(ExtensibilityGlobals) = postSolution
		SolutionGuid = {BC5CC9F1-F6EE-4948-8BF6-313A870C3707}
	EndGlobalSection
EndGlobal
